
Microsoft Visual Studio Solution File, Format Version 12.00
# Visual Studio Version 17
VisualStudioVersion = 17.8.34330.188
MinimumVisualStudioVersion = 10.0.40219.1
Project("{FAE04EC0-301F-11D3-BF4B-00C04F79EFBC}") = "SingleInheritance", "SingleInheritance\SingleInheritance.csproj", "{33135D99-586F-458A-9716-E2BB925C09CB}"
EndProject
Global
	GlobalSection(SolutionConfigurationPlatforms) = preSolution
		Debug|Any CPU = Debug|Any CPU
		Release|Any CPU = Release|Any CPU
	EndGlobalSection
	GlobalSection(ProjectConfigurationPlatforms) = postSolution
		{33135D99-586F-458A-9716-E2BB925C09CB}.Debug|Any CPU.ActiveCfg = Debug|Any CPU
		{33135D99-586F-458A-9716-E2BB925C09CB}.Debug|Any CPU.Build.0 = Debug|Any CPU
		{33135D99-586F-458A-9716-E2BB925C09CB}.Release|Any CPU.ActiveCfg = Release|Any CPU
		{33135D99-586F-458A-9716-E2BB925C09CB}.Release|Any CPU.Build.0 = Release|Any CPU
	EndGlobalSection
	GlobalSection(SolutionProperties) = preSolution
		HideSolutionNode = FALSE
	EndGlobalSection
	GlobalSection(ExtensibilityGlobals) = postSolution
		SolutionGuid = {907C9F18-A835-4306-A7D0-39B2D46E480F}
	EndGlobalSection
EndGlobal
